
Microsoft Visual Studio Solution File, Format Version 12.00
# Visual Studio Version 16
VisualStudioVersion = 16.0.31702.278
MinimumVisualStudioVersion = 10.0.40219.1
Project("{9A19103F-16F7-4668-BE54-9A1E7A4F7556}") = "Puzzle_11", "Puzzle_11.csproj", "{371401AE-E8B4-4C11-9AC7-F0D995A6E67A}"
EndProject
Global
	GlobalSection(SolutionConfigurationPlatforms) = preSolution
		Debug|Any CPU = Debug|Any CPU
		Release|Any CPU = Release|Any CPU
	EndGlobalSection
	GlobalSection(ProjectConfigurationPlatforms) = postSolution
		{371401AE-E8B4-4C11-9AC7-F0D995A6E67A}.Debug|Any CPU.ActiveCfg = Debug|Any CPU
		{371401AE-E8B4-4C11-9AC7-F0D995A6E67A}.Debug|Any CPU.Build.0 = Debug|Any CPU
		{371401AE-E8B4-4C11-9AC7-F0D995A6E67A}.Release|Any CPU.ActiveCfg = Release|Any CPU
		{371401AE-E8B4-4C11-9AC7-F0D995A6E67A}.Release|Any CPU.Build.0 = Release|Any CPU
	EndGlobalSection
	GlobalSection(SolutionProperties) = preSolution
		HideSolutionNode = FALSE
	EndGlobalSection
	GlobalSection(ExtensibilityGlobals) = postSolution
		SolutionGuid = {F1795A2D-B5D2-4DE1-BAA2-0E185C475A44}
	EndGlobalSection
EndGlobal
